schema: '2.0'
stages:
  load_data:
    cmd: python src/load_data.py --config=params.yaml
    deps:
    - path: data_given/winequality-red.csv
      md5: 6a883fd98624e18c0b7ce251f4fab4fb
      size: 100951
    - path: src/get_data.py
      md5: caf9f160184430b1cec9c865ebe6c646
      size: 661
    - path: src/load_data.py
      md5: 6419c65da1cc0e466be53cc2239b97f1
      size: 568
    outs:
    - path: data/raw/winequality-red.csv
      md5: b81c95040ccc1f04820095a237ba3c61
      size: 93485
  split_data:
    cmd: python src/split_data.py --config=params.yaml
    deps:
    - path: data/raw/winequality-red.csv
      md5: b81c95040ccc1f04820095a237ba3c61
      size: 93485
    - path: src/split_data.py
      md5: d7631aec199a491ae8b9322b23bcdb43
      size: 989
    outs:
    - path: data/processed/test_winequality-red.csv
      md5: 420389d6fcceeb7da1311c6b14af875f
      size: 18836
    - path: data/processed/train_winequality-red.csv
      md5: eb194c439f11a763691ae2f66e305d74
      size: 74795
